
Microsoft Visual Studio Solution File, Format Version 12.00
# Visual Studio Version 16
VisualStudioVersion = 16.0.30804.86
MinimumVisualStudioVersion = 10.0.40219.1
Project("{2150E333-8FDC-42A3-9474-1A3956D46DE8}") = "Backend", "Backend", "{2E5EA02A-6661-4BEF-97E4-49C68502B141}"
EndProject
Project("{2150E333-8FDC-42A3-9474-1A3956D46DE8}") = "Frontend", "Frontend", "{662CCC02-66BB-49A6-BEFB-75DBF6C8E32D}"
EndProject
Project("{2150E333-8FDC-42A3-9474-1A3956D46DE8}") = "Shared", "Shared", "{0D8613DF-774F-4994-B8F7-C3D4C96D6D3A}"
EndProject
Project("{2150E333-8FDC-42A3-9474-1A3956D46DE8}") = "Desktop", "Desktop", "{3BA85733-460E-45E5-9EE7-1FA58A1CC5FF}"
EndProject
Project("{2150E333-8FDC-42A3-9474-1A3956D46DE8}") = "Mobile", "Mobile", "{C154AC82-9099-43B3-822C-534375673B81}"
EndProject
Project("{2150E333-8FDC-42A3-9474-1A3956D46DE8}") = "Web", "Web", "{5978AB3C-A7C6-4DBD-8C05-A18E479969C0}"
EndProject
Project("{9A19103F-16F7-4668-BE54-9A1E7A4F7556}") = "Polcraz.gRPC_Chat.Backend", "Backend\Polcraz.gRPC_Chat.Backend\Polcraz.gRPC_Chat.Backend.csproj", "{DEF50D3E-A573-4012-A249-38093856E7CE}"
EndProject
Project("{9A19103F-16F7-4668-BE54-9A1E7A4F7556}") = "Polcraz.gRPC_Chat.Protos", "Shared\Polcraz.gRPC_Chat.Protos\Polcraz.gRPC_Chat.Protos.csproj", "{EB3DCC1D-0858-4C8C-BA66-41E9E34D65E1}"
EndProject
Project("{9A19103F-16F7-4668-BE54-9A1E7A4F7556}") = "Polcraz.gRPC_Chat.Desktop", "Frontend\Desktop\Polcraz.gRPC_Chat.Desktop\Polcraz.gRPC_Chat.Desktop.csproj", "{26D32CE8-6BAE-4570-B24C-BFB31C60DEE5}"
EndProject
Project("{FAE04EC0-301F-11D3-BF4B-00C04F79EFBC}") = "Polcraz.gRPC_Chat.Mobile.Android", "Frontend\Mobile\Polcraz.gRPC_Chat.Mobile\Polcraz.gRPC_Chat.Mobile.Android\Polcraz.gRPC_Chat.Mobile.Android.csproj", "{D0FB7C9E-10CB-4617-A5C8-42F4C6DA956C}"
EndProject
Project("{FAE04EC0-301F-11D3-BF4B-00C04F79EFBC}") = "Polcraz.gRPC_Chat.Mobile.iOS", "Frontend\Mobile\Polcraz.gRPC_Chat.Mobile\Polcraz.gRPC_Chat.Mobile.iOS\Polcraz.gRPC_Chat.Mobile.iOS.csproj", "{EB46F9E1-6665-4ADE-ACEA-BE1282636687}"
EndProject
Project("{9A19103F-16F7-4668-BE54-9A1E7A4F7556}") = "Polcraz.gRPC_Chat.Mobile", "Frontend\Mobile\Polcraz.gRPC_Chat.Mobile\Polcraz.gRPC_Chat.Mobile\Polcraz.gRPC_Chat.Mobile.csproj", "{538A7B98-0644-4EB0-A455-2BE0DDBFC0CB}"
EndProject
Project("{9A19103F-16F7-4668-BE54-9A1E7A4F7556}") = "Polcraz.gRPC_Chat.Web", "Frontend\Web\Polcraz.gRPC_Chat.Web\Polcraz.gRPC_Chat.Web.csproj", "{BAA80AF6-F663-4E3D-8220-595FEEDC0ED2}"
EndProject
Global
	GlobalSection(SolutionConfigurationPlatforms) = preSolution
		Debug|Any CPU = Debug|Any CPU
		Debug|iPhone = Debug|iPhone
		Debug|iPhoneSimulator = Debug|iPhoneSimulator
		Release|Any CPU = Release|Any CPU
		Release|iPhone = Release|iPhone
		Release|iPhoneSimulator = Release|iPhoneSimulator
	EndGlobalSection
	GlobalSection(ProjectConfigurationPlatforms) = postSolution
		{DEF50D3E-A573-4012-A249-38093856E7CE}.Debug|Any CPU.ActiveCfg = Debug|Any CPU
		{DEF50D3E-A573-4012-A249-38093856E7CE}.Debug|Any CPU.Build.0 = Debug|Any CPU
		{DEF50D3E-A573-4012-A249-38093856E7CE}.Debug|iPhone.ActiveCfg = Debug|Any CPU
		{DEF50D3E-A573-4012-A249-38093856E7CE}.Debug|iPhone.Build.0 = Debug|Any CPU
		{DEF50D3E-A573-4012-A249-38093856E7CE}.Debug|iPhoneSimulator.ActiveCfg = Debug|Any CPU
		{DEF50D3E-A573-4012-A249-38093856E7CE}.Debug|iPhoneSimulator.Build.0 = Debug|Any CPU
		{DEF50D3E-A573-4012-A249-38093856E7CE}.Release|Any CPU.ActiveCfg = Release|Any CPU
		{DEF50D3E-A573-4012-A249-38093856E7CE}.Release|Any CPU.Build.0 = Release|Any CPU
		{DEF50D3E-A573-4012-A249-38093856E7CE}.Release|iPhone.ActiveCfg = Release|Any CPU
		{DEF50D3E-A573-4012-A249-38093856E7CE}.Release|iPhone.Build.0 = Release|Any CPU
		{DEF50D3E-A573-4012-A249-38093856E7CE}.Release|iPhoneSimulator.ActiveCfg = Release|Any CPU
		{DEF50D3E-A573-4012-A249-38093856E7CE}.Release|iPhoneSimulator.Build.0 = Release|Any CPU
		{EB3DCC1D-0858-4C8C-BA66-41E9E34D65E1}.Debug|Any CPU.ActiveCfg = Debug|Any CPU
		{EB3DCC1D-0858-4C8C-BA66-41E9E34D65E1}.Debug|Any CPU.Build.0 = Debug|Any CPU
		{EB3DCC1D-0858-4C8C-BA66-41E9E34D65E1}.Debug|iPhone.ActiveCfg = Debug|Any CPU
		{EB3DCC1D-0858-4C8C-BA66-41E9E34D65E1}.Debug|iPhone.Build.0 = Debug|Any CPU
		{EB3DCC1D-0858-4C8C-BA66-41E9E34D65E1}.Debug|iPhoneSimulator.ActiveCfg = Debug|Any CPU
		{EB3DCC1D-0858-4C8C-BA66-41E9E34D65E1}.Debug|iPhoneSimulator.Build.0 = Debug|Any CPU
		{EB3DCC1D-0858-4C8C-BA66-41E9E34D65E1}.Release|Any CPU.ActiveCfg = Release|Any CPU
		{EB3DCC1D-0858-4C8C-BA66-41E9E34D65E1}.Release|Any CPU.Build.0 = Release|Any CPU
		{EB3DCC1D-0858-4C8C-BA66-41E9E34D65E1}.Release|iPhone.ActiveCfg = Release|Any CPU
		{EB3DCC1D-0858-4C8C-BA66-41E9E34D65E1}.Release|iPhone.Build.0 = Release|Any CPU
		{EB3DCC1D-0858-4C8C-BA66-41E9E34D65E1}.Release|iPhoneSimulator.ActiveCfg = Release|Any CPU
		{EB3DCC1D-0858-4C8C-BA66-41E9E34D65E1}.Release|iPhoneSimulator.Build.0 = Release|Any CPU
		{26D32CE8-6BAE-4570-B24C-BFB31C60DEE5}.Debug|Any CPU.ActiveCfg = Debug|Any CPU
		{26D32CE8-6BAE-4570-B24C-BFB31C60DEE5}.Debug|Any CPU.Build.0 = Debug|Any CPU
		{26D32CE8-6BAE-4570-B24C-BFB31C60DEE5}.Debug|iPhone.ActiveCfg = Debug|Any CPU
		{26D32CE8-6BAE-4570-B24C-BFB31C60DEE5}.Debug|iPhone.Build.0 = Debug|Any CPU
		{26D32CE8-6BAE-4570-B24C-BFB31C60DEE5}.Debug|iPhoneSimulator.ActiveCfg = Debug|Any CPU
		{26D32CE8-6BAE-4570-B24C-BFB31C60DEE5}.Debug|iPhoneSimulator.Build.0 = Debug|Any CPU
		{26D32CE8-6BAE-4570-B24C-BFB31C60DEE5}.Release|Any CPU.ActiveCfg = Release|Any CPU
		{26D32CE8-6BAE-4570-B24C-BFB31C60DEE5}.Release|Any CPU.Build.0 = Release|Any CPU
		{26D32CE8-6BAE-4570-B24C-BFB31C60DEE5}.Release|iPhone.ActiveCfg = Release|Any CPU
		{26D32CE8-6BAE-4570-B24C-BFB31C60DEE5}.Release|iPhone.Build.0 = Release|Any CPU
		{26D32CE8-6BAE-4570-B24C-BFB31C60DEE5}.Release|iPhoneSimulator.ActiveCfg = Release|Any CPU
		{26D32CE8-6BAE-4570-B24C-BFB31C60DEE5}.Release|iPhoneSimulator.Build.0 = Release|Any CPU
		{D0FB7C9E-10CB-4617-A5C8-42F4C6DA956C}.Debug|Any CPU.ActiveCfg = Debug|Any CPU
		{D0FB7C9E-10CB-4617-A5C8-42F4C6DA956C}.Debug|Any CPU.Build.0 = Debug|Any CPU
		{D0FB7C9E-10CB-4617-A5C8-42F4C6DA956C}.Debug|Any CPU.Deploy.0 = Debug|Any CPU
		{D0FB7C9E-10CB-4617-A5C8-42F4C6DA956C}.Debug|iPhone.ActiveCfg = Debug|Any CPU
		{D0FB7C9E-10CB-4617-A5C8-42F4C6DA956C}.Debug|iPhone.Build.0 = Debug|Any CPU
		{D0FB7C9E-10CB-4617-A5C8-42F4C6DA956C}.Debug|iPhone.Deploy.0 = Debug|Any CPU
		{D0FB7C9E-10CB-4617-A5C8-42F4C6DA956C}.Debug|iPhoneSimulator.ActiveCfg = Debug|Any CPU
		{D0FB7C9E-10CB-4617-A5C8-42F4C6DA956C}.Debug|iPhoneSimulator.Build.0 = Debug|Any CPU
		{D0FB7C9E-10CB-4617-A5C8-42F4C6DA956C}.Debug|iPhoneSimulator.Deploy.0 = Debug|Any CPU
		{D0FB7C9E-10CB-4617-A5C8-42F4C6DA956C}.Release|Any CPU.ActiveCfg = Release|Any CPU
		{D0FB7C9E-10CB-4617-A5C8-42F4C6DA956C}.Release|Any CPU.Build.0 = Release|Any CPU
		{D0FB7C9E-10CB-4617-A5C8-42F4C6DA956C}.Release|Any CPU.Deploy.0 = Release|Any CPU
		{D0FB7C9E-10CB-4617-A5C8-42F4C6DA956C}.Release|iPhone.ActiveCfg = Release|Any CPU
		{D0FB7C9E-10CB-4617-A5C8-42F4C6DA956C}.Release|iPhone.Build.0 = Release|Any CPU
		{D0FB7C9E-10CB-4617-A5C8-42F4C6DA956C}.Release|iPhone.Deploy.0 = Release|Any CPU
		{D0FB7C9E-10CB-4617-A5C8-42F4C6DA956C}.Release|iPhoneSimulator.ActiveCfg = Release|Any CPU
		{D0FB7C9E-10CB-4617-A5C8-42F4C6DA956C}.Release|iPhoneSimulator.Build.0 = Release|Any CPU
		{D0FB7C9E-10CB-4617-A5C8-42F4C6DA956C}.Release|iPhoneSimulator.Deploy.0 = Release|Any CPU
		{EB46F9E1-6665-4ADE-ACEA-BE1282636687}.Debug|Any CPU.ActiveCfg = Debug|iPhoneSimulator
		{EB46F9E1-6665-4ADE-ACEA-BE1282636687}.Debug|iPhone.ActiveCfg = Debug|iPhone
		{EB46F9E1-6665-4ADE-ACEA-BE1282636687}.Debug|iPhone.Build.0 = Debug|iPhone
		{EB46F9E1-6665-4ADE-ACEA-BE1282636687}.Debug|iPhoneSimulator.ActiveCfg = Debug|iPhoneSimulator
		{EB46F9E1-6665-4ADE-ACEA-BE1282636687}.Debug|iPhoneSimulator.Build.0 = Debug|iPhoneSimulator
		{EB46F9E1-6665-4ADE-ACEA-BE1282636687}.Release|Any CPU.ActiveCfg = Release|iPhoneSimulator
		{EB46F9E1-6665-4ADE-ACEA-BE1282636687}.Release|iPhone.ActiveCfg = Release|iPhone
		{EB46F9E1-6665-4ADE-ACEA-BE1282636687}.Release|iPhone.Build.0 = Release|iPhone
		{EB46F9E1-6665-4ADE-ACEA-BE1282636687}.Release|iPhoneSimulator.ActiveCfg = Release|iPhoneSimulator
		{EB46F9E1-6665-4ADE-ACEA-BE1282636687}.Release|iPhoneSimulator.Build.0 = Release|iPhoneSimulator
		{538A7B98-0644-4EB0-A455-2BE0DDBFC0CB}.Debug|Any CPU.ActiveCfg = Debug|Any CPU
		{538A7B98-0644-4EB0-A455-2BE0DDBFC0CB}.Debug|Any CPU.Build.0 = Debug|Any CPU
		{538A7B98-0644-4EB0-A455-2BE0DDBFC0CB}.Debug|iPhone.ActiveCfg = Debug|Any CPU
		{538A7B98-0644-4EB0-A455-2BE0DDBFC0CB}.Debug|iPhone.Build.0 = Debug|Any CPU
		{538A7B98-0644-4EB0-A455-2BE0DDBFC0CB}.Debug|iPhoneSimulator.ActiveCfg = Debug|Any CPU
		{538A7B98-0644-4EB0-A455-2BE0DDBFC0CB}.Debug|iPhoneSimulator.Build.0 = Debug|Any CPU
		{538A7B98-0644-4EB0-A455-2BE0DDBFC0CB}.Release|Any CPU.ActiveCfg = Release|Any CPU
		{538A7B98-0644-4EB0-A455-2BE0DDBFC0CB}.Release|Any CPU.Build.0 = Release|Any CPU
		{538A7B98-0644-4EB0-A455-2BE0DDBFC0CB}.Release|iPhone.ActiveCfg = Release|Any CPU
		{538A7B98-0644-4EB0-A455-2BE0DDBFC0CB}.Release|iPhone.Build.0 = Release|Any CPU
		{538A7B98-0644-4EB0-A455-2BE0DDBFC0CB}.Release|iPhoneSimulator.ActiveCfg = Release|Any CPU
		{538A7B98-0644-4EB0-A455-2BE0DDBFC0CB}.Release|iPhoneSimulator.Build.0 = Release|Any CPU
		{BAA80AF6-F663-4E3D-8220-595FEEDC0ED2}.Debug|Any CPU.ActiveCfg = Debug|Any CPU
		{BAA80AF6-F663-4E3D-8220-595FEEDC0ED2}.Debug|Any CPU.Build.0 = Debug|Any CPU
		{BAA80AF6-F663-4E3D-8220-595FEEDC0ED2}.Debug|iPhone.ActiveCfg = Debug|Any CPU
		{BAA80AF6-F663-4E3D-8220-595FEEDC0ED2}.Debug|iPhone.Build.0 = Debug|Any CPU
		{BAA80AF6-F663-4E3D-8220-595FEEDC0ED2}.Debug|iPhoneSimulator.ActiveCfg = Debug|Any CPU
		{BAA80AF6-F663-4E3D-8220-595FEEDC0ED2}.Debug|iPhoneSimulator.Build.0 = Debug|Any CPU
		{BAA80AF6-F663-4E3D-8220-595FEEDC0ED2}.Release|Any CPU.ActiveCfg = Release|Any CPU
		{BAA80AF6-F663-4E3D-8220-595FEEDC0ED2}.Release|Any CPU.Build.0 = Release|Any CPU
		{BAA80AF6-F663-4E3D-8220-595FEEDC0ED2}.Release|iPhone.ActiveCfg = Release|Any CPU
		{BAA80AF6-F663-4E3D-8220-595FEEDC0ED2}.Release|iPhone.Build.0 = Release|Any CPU
		{BAA80AF6-F663-4E3D-8220-595FEEDC0ED2}.Release|iPhoneSimulator.ActiveCfg = Release|Any CPU
		{BAA80AF6-F663-4E3D-8220-595FEEDC0ED2}.Release|iPhoneSimulator.Build.0 = Release|Any CPU
	EndGlobalSection
	GlobalSection(SolutionProperties) = preSolution
		HideSolutionNode = FALSE
	EndGlobalSection
	GlobalSection(NestedProjects) = preSolution
		{3BA85733-460E-45E5-9EE7-1FA58A1CC5FF} = {662CCC02-66BB-49A6-BEFB-75DBF6C8E32D}
		{C154AC82-9099-43B3-822C-534375673B81} = {662CCC02-66BB-49A6-BEFB-75DBF6C8E32D}
		{5978AB3C-A7C6-4DBD-8C05-A18E479969C0} = {662CCC02-66BB-49A6-BEFB-75DBF6C8E32D}
		{DEF50D3E-A573-4012-A249-38093856E7CE} = {2E5EA02A-6661-4BEF-97E4-49C68502B141}
		{EB3DCC1D-0858-4C8C-BA66-41E9E34D65E1} = {0D8613DF-774F-4994-B8F7-C3D4C96D6D3A}
		{26D32CE8-6BAE-4570-B24C-BFB31C60DEE5} = {3BA85733-460E-45E5-9EE7-1FA58A1CC5FF}
		{D0FB7C9E-10CB-4617-A5C8-42F4C6DA956C} = {C154AC82-9099-43B3-822C-534375673B81}
		{EB46F9E1-6665-4ADE-ACEA-BE1282636687} = {C154AC82-9099-43B3-822C-534375673B81}
		{538A7B98-0644-4EB0-A455-2BE0DDBFC0CB} = {C154AC82-9099-43B3-822C-534375673B81}
		{BAA80AF6-F663-4E3D-8220-595FEEDC0ED2} = {5978AB3C-A7C6-4DBD-8C05-A18E479969C0}
	EndGlobalSection
	GlobalSection(ExtensibilityGlobals) = postSolution
		SolutionGuid = {DA1F012E-45A6-43F4-A4BC-07284C9D5678}
	EndGlobalSection
EndGlobal
